<?xml version="1.0" encoding="utf-8"?>
<Project ToolsVersion="4.0" xmlns="http://schemas.microsoft.com/developer/msbuild/2003">
  <ItemGroup>
    <ClCompile Include="Component.cpp">
      <Filter>Engine</Filter>
    </ClCompile>
    <ClCompile Include="Engine.cpp">
      <Filter>Engine</Filter>
    </ClCompile>
    <ClCompile Include="GameObject.cpp">
      <Filter>Engine</Filter>
    </ClCompile>
    <ClCompile Include="main.cpp">
      <Filter>GameBase</Filter>
    </ClCompile>
    <ClCompile Include="FirstLevel.cpp">
      <Filter>SandCastles</Filter>
    </ClCompile>
    <ClCompile Include="SpriteRenderer.cpp">
      <Filter>GameBase</Filter>
    </ClCompile>
    <ClCompile Include="glad.c">
      <Filter>Libs</Filter>
    </ClCompile>
    <ClCompile Include="Vector4.cpp">
      <Filter>Engine\Math</Filter>
    </ClCompile>
    <ClCompile Include="Matrix4.cpp">
      <Filter>Engine\Math</Filter>
    </ClCompile>
    <ClCompile Include="stb_init.cpp">
      <Filter>Libs</Filter>
    </ClCompile>
    <ClCompile Include="Transform.cpp">
      <Filter>Engine</Filter>
    </ClCompile>
    <ClCompile Include="Shader.cpp">
      <Filter>Engine\Rendering</Filter>
    </ClCompile>
    <ClCompile Include="RenderingManager.cpp">
      <Filter>Engine\Rendering</Filter>
    </ClCompile>
    <ClCompile Include="Mesh.cpp">
      <Filter>Engine\Rendering</Filter>
    </ClCompile>
    <ClCompile Include="Vertex.cpp">
      <Filter>Engine\Rendering</Filter>
    </ClCompile>
    <ClCompile Include="Model.cpp">
      <Filter>Engine\Rendering</Filter>
    </ClCompile>
    <ClCompile Include="Texture.cpp">
      <Filter>Engine\Rendering</Filter>
    </ClCompile>
    <ClCompile Include="Camera.cpp">
      <Filter>Engine\Rendering</Filter>
    </ClCompile>
    <ClCompile Include="Scene.cpp">
      <Filter>Engine</Filter>
    </ClCompile>
    <ClCompile Include="FortTortuga.cpp">
      <Filter>SandCastles</Filter>
    </ClCompile>
    <ClCompile Include="Game.cpp">
      <Filter>Engine</Filter>
    </ClCompile>
  </ItemGroup>
  <ItemGroup>
    <ClInclude Include="Component.h">
      <Filter>Engine</Filter>
    </ClInclude>
    <ClInclude Include="Engine.h">
      <Filter>Engine</Filter>
    </ClInclude>
    <ClInclude Include="GameObject.h">
      <Filter>Engine</Filter>
    </ClInclude>
    <ClInclude Include="FirstLevel.h">
      <Filter>SandCastles</Filter>
    </ClInclude>
    <ClInclude Include="SpriteRenderer.h">
      <Filter>GameBase</Filter>
    </ClInclude>
    <ClInclude Include="Vector4.h">
      <Filter>Engine\Math</Filter>
    </ClInclude>
    <ClInclude Include="Matrix4.h">
      <Filter>Engine\Math</Filter>
    </ClInclude>
    <ClInclude Include="stb_image.h">
      <Filter>Libs</Filter>
    </ClInclude>
    <ClInclude Include="Transform.h">
      <Filter>Engine</Filter>
    </ClInclude>
    <ClInclude Include="Shader.h">
      <Filter>Engine\Rendering</Filter>
    </ClInclude>
    <ClInclude Include="RenderingManager.h">
      <Filter>Engine\Rendering</Filter>
    </ClInclude>
    <ClInclude Include="Vertex.h">
      <Filter>Engine\Rendering</Filter>
    </ClInclude>
    <ClInclude Include="Mesh.h">
      <Filter>Engine\Rendering</Filter>
    </ClInclude>
    <ClInclude Include="Model.h">
      <Filter>Engine\Rendering</Filter>
    </ClInclude>
    <ClInclude Include="Texture.h">
      <Filter>Engine\Rendering</Filter>
    </ClInclude>
    <ClInclude Include="Camera.h">
      <Filter>Engine\Rendering</Filter>
    </ClInclude>
    <ClInclude Include="Scene.h">
      <Filter>Engine</Filter>
    </ClInclude>
    <ClInclude Include="FortTortuga.h">
      <Filter>SandCastles</Filter>
    </ClInclude>
    <ClInclude Include="Game.h">
      <Filter>Engine</Filter>
    </ClInclude>
  </ItemGroup>
  <ItemGroup>
    <Filter Include="Engine">
      <UniqueIdentifier>{fe727d90-7b52-459c-a32a-2b80cad8c130}</UniqueIdentifier>
    </Filter>
    <Filter Include="GameBase">
      <UniqueIdentifier>{e8c4332b-1571-44e3-ac8c-9d68b1bd6167}</UniqueIdentifier>
    </Filter>
    <Filter Include="SandCastles">
      <UniqueIdentifier>{3aa3360b-4b3e-400d-b67c-75fd6cce9f6b}</UniqueIdentifier>
    </Filter>
    <Filter Include="Libs">
      <UniqueIdentifier>{f58c8c66-41eb-4316-ad7c-654c197a9133}</UniqueIdentifier>
    </Filter>
    <Filter Include="GameBase\Shaders">
      <UniqueIdentifier>{7850f66d-1454-4072-a4eb-725c6750b2c3}</UniqueIdentifier>
    </Filter>
    <Filter Include="Engine\Math">
      <UniqueIdentifier>{97674d32-0571-4edc-9556-4e3d82c54524}</UniqueIdentifier>
    </Filter>
    <Filter Include="Engine\Rendering">
      <UniqueIdentifier>{585c01dd-6c1b-48a2-b96a-a7d03630f65e}</UniqueIdentifier>
    </Filter>
  </ItemGroup>
  <ItemGroup>
    <None Include="Basic.vs">
      <Filter>GameBase\Shaders</Filter>
    </None>
    <None Include="Basic.fs">
      <Filter>GameBase\Shaders</Filter>
    </None>
    <None Include="Blue.fs">
      <Filter>GameBase\Shaders</Filter>
    </None>
    <None Include="Red.fs">
      <Filter>GameBase\Shaders</Filter>
    </None>
    <None Include="Standard.vs">
      <Filter>GameBase\Shaders</Filter>
    </None>
    <None Include="Standard.fs">
      <Filter>GameBase\Shaders</Filter>
    </None>
    <None Include="Color.fs">
      <Filter>GameBase\Shaders</Filter>
    </None>
  </ItemGroup>
</Project>